// !$*UTF8*$!
{
	archiveVersion = 1;
	classes = {
	};
	objectVersion = 50;
	objects = {

/* Begin PBXBuildFile section */
		F2D1B3F323EBF5EC00BC0FE4 /* AppDelegate.swift in Sources */ = {isa = PBXBuildFile; fileRef = F2D1B3F223EBF5EC00BC0FE4 /* AppDelegate.swift */; };
		F2D1B3F523EBF5EC00BC0FE4 /* SceneDelegate.swift in Sources */ = {isa = PBXBuildFile; fileRef = F2D1B3F423EBF5EC00BC0FE4 /* SceneDelegate.swift */; };
		F2D1B3F723EBF5EC00BC0FE4 /* ContentView.swift in Sources */ = {isa = PBXBuildFile; fileRef = F2D1B3F623EBF5EC00BC0FE4 /* ContentView.swift */; };
		F2D1B3F923EBF5EE00BC0FE4 /* Assets.xcassets in Resources */ = {isa = PBXBuildFile; fileRef = F2D1B3F823EBF5EE00BC0FE4 /* Assets.xcassets */; };
		F2D1B3FC23EBF5EE00BC0FE4 /* Preview Assets.xcassets in Resources */ = {isa = PBXBuildFile; fileRef = F2D1B3FB23EBF5EE00BC0FE4 /* Preview Assets.xcassets */; };
		F2D1B3FF23EBF5EE00BC0FE4 /* LaunchScreen.storyboard in Resources */ = {isa = PBXBuildFile; fileRef = F2D1B3FD23EBF5EE00BC0FE4 /* LaunchScreen.storyboard */; };
		FC08699D65A171AB478BC9E1 /* libPods-XcodeGenWithPods.a in Frameworks */ = {isa = PBXBuildFile; fileRef = 645263A0D83029187F669FD7 /* libPods-XcodeGenWithPods.a */; };
/* End PBXBuildFile section */

/* Begin PBXFileReference section */
		645263A0D83029187F669FD7 /* libPods-XcodeGenWithPods.a */ = {isa = PBXFileReference; explicitFileType = archive.ar; includeInIndex = 0; path = "libPods-XcodeGenWithPods.a"; sourceTree = BUILT_PRODUCTS_DIR; };
		7215FEC3837079C8A323F2CC /* Pods-XcodeGenWithPods.debug.xcconfig */ = {isa = PBXFileReference; includeInIndex = 1; lastKnownFileType = text.xcconfig; name = "Pods-XcodeGenWithPods.debug.xcconfig"; path = "Target Support Files/Pods-XcodeGenWithPods/Pods-XcodeGenWithPods.debug.xcconfig"; sourceTree = "<group>"; };
		EFB4389F95CA6BA751284F37 /* Pods-XcodeGenWithPods.release.xcconfig */ = {isa = PBXFileReference; includeInIndex = 1; lastKnownFileType = text.xcconfig; name = "Pods-XcodeGenWithPods.release.xcconfig"; path = "Target Support Files/Pods-XcodeGenWithPods/Pods-XcodeGenWithPods.release.xcconfig"; sourceTree = "<group>"; };
		F2D1B3EF23EBF5EC00BC0FE4 /* XcodeGenWithPods.app */ = {isa = PBXFileReference; explicitFileType = wrapper.application; includeInIndex = 0; path = XcodeGenWithPods.app; sourceTree = BUILT_PRODUCTS_DIR; };
		F2D1B3F223EBF5EC00BC0FE4 /* AppDelegate.swift */ = {isa = PBXFileReference; lastKnownFileType = sourcecode.swift; path = AppDelegate.swift; sourceTree = "<group>"; };
		F2D1B3F423EBF5EC00BC0FE4 /* SceneDelegate.swift */ = {isa = PBXFileReference; lastKnownFileType = sourcecode.swift; path = SceneDelegate.swift; sourceTree = "<group>"; };
		F2D1B3F623EBF5EC00BC0FE4 /* ContentView.swift */ = {isa = PBXFileReference; lastKnownFileType = sourcecode.swift; path = ContentView.swift; sourceTree = "<group>"; };
		F2D1B3F823EBF5EE00BC0FE4 /* Assets.xcassets */ = {isa = PBXFileReference; lastKnownFileType = folder.assetcatalog; path = Assets.xcassets; sourceTree = "<group>"; };
		F2D1B3FB23EBF5EE00BC0FE4 /* Preview Assets.xcassets */ = {isa = PBXFileReference; lastKnownFileType = folder.assetcatalog; path = "Preview Assets.xcassets"; sourceTree = "<group>"; };
		F2D1B3FE23EBF5EE00BC0FE4 /* Base */ = {isa = PBXFileReference; lastKnownFileType = file.storyboard; name = Base; path = Base.lproj/LaunchScreen.storyboard; sourceTree = "<group>"; };
		F2D1B40023EBF5EE00BC0FE4 /* Info.plist */ = {isa = PBXFileReference; lastKnownFileType = text.plist.xml; path = Info.plist; sourceTree = "<group>"; };
/* End PBXFileReference section */

/* Begin PBXFrameworksBuildPhase section */
		F2D1B3EC23EBF5EC00BC0FE4 /* Frameworks */ = {
			isa = PBXFrameworksBuildPhase;
			buildActionMask = 2147483647;
			files = (
				FC08699D65A171AB478BC9E1 /* libPods-XcodeGenWithPods.a in Frameworks */,
			);
			runOnlyForDeploymentPostprocessing = 0;
		};
/* End PBXFrameworksBuildPhase section */

/* Begin PBXGroup section */
		109AF197209171E114C946CA /* Pods */ = {
			isa = PBXGroup;
			children = (
				7215FEC3837079C8A323F2CC /* Pods-XcodeGenWithPods.debug.xcconfig */,
				EFB4389F95CA6BA751284F37 /* Pods-XcodeGenWithPods.release.xcconfig */,
			);
			name = Pods;
			path = Pods;
			sourceTree = "<group>";
		};
		6624EA11389E0B2569E1D77B /* Frameworks */ = {
			isa = PBXGroup;
			children = (
				645263A0D83029187F669FD7 /* libPods-XcodeGenWithPods.a */,
			);
			name = Frameworks;
			sourceTree = "<group>";
		};
		F2D1B3E623EBF5EC00BC0FE4 = {
			isa = PBXGroup;
			children = (
				F2D1B3F123EBF5EC00BC0FE4 /* XcodeGenWithPods */,
				F2D1B3F023EBF5EC00BC0FE4 /* Products */,
				109AF197209171E114C946CA /* Pods */,
				6624EA11389E0B2569E1D77B /* Frameworks */,
			);
			sourceTree = "<group>";
		};
		F2D1B3F023EBF5EC00BC0FE4 /* Products */ = {
			isa = PBXGroup;
			children = (
				F2D1B3EF23EBF5EC00BC0FE4 /* XcodeGenWithPods.app */,
			);
			name = Products;
			sourceTree = "<group>";
		};
		F2D1B3F123EBF5EC00BC0FE4 /* XcodeGenWithPods */ = {
			isa = PBXGroup;
			children = (
				F2D1B3F223EBF5EC00BC0FE4 /* AppDelegate.swift */,
				F2D1B3F423EBF5EC00BC0FE4 /* SceneDelegate.swift */,
				F2D1B3F623EBF5EC00BC0FE4 /* ContentView.swift */,
				F2D1B3F823EBF5EE00BC0FE4 /* Assets.xcassets */,
				F2D1B3FD23EBF5EE00BC0FE4 /* LaunchScreen.storyboard */,
				F2D1B40023EBF5EE00BC0FE4 /* Info.plist */,
				F2D1B3FA23EBF5EE00BC0FE4 /* Preview Content */,
			);
			path = XcodeGenWithPods;
			sourceTree = "<group>";
		};
		F2D1B3FA23EBF5EE00BC0FE4 /* Preview Content */ = {
			isa = PBXGroup;
			children = (
				F2D1B3FB23EBF5EE00BC0FE4 /* Preview Assets.xcassets */,
			);
			path = "Preview Content";
			sourceTree = "<group>";
		};
/* End PBXGroup section */

/* Begin PBXNativeTarget section */
		F2D1B3EE23EBF5EC00BC0FE4 /* XcodeGenWithPods */ = {
			isa = PBXNativeTarget;
			buildConfigurationList = F2D1B40323EBF5EE00BC0FE4 /* Build configuration list for PBXNativeTarget "XcodeGenWithPods" */;
			buildPhases = (
				A499E17D02248D6DB5354980 /* [CP] Check Pods Manifest.lock */,
				F2D1B3EB23EBF5EC00BC0FE4 /* Sources */,
				F2D1B3EC23EBF5EC00BC0FE4 /* Frameworks */,
				F2D1B3ED23EBF5EC00BC0FE4 /* Resources */,
			);
			buildRules = (
			);
			dependencies = (
			);
			name = XcodeGenWithPods;
			productName = XcodeGenWithPods;
			productReference = F2D1B3EF23EBF5EC00BC0FE4 /* XcodeGenWithPods.app */;
			productType = "com.apple.product-type.application";
		};
/* End PBXNativeTarget section */

/* Begin PBXProject section */
		F2D1B3E723EBF5EC00BC0FE4 /* Project object */ = {
			isa = PBXProject;
			attributes = {
				LastSwiftUpdateCheck = 1130;
				LastUpgradeCheck = 1130;
				TargetAttributes = {
					F2D1B3EE23EBF5EC00BC0FE4 = {
						CreatedOnToolsVersion = 11.3;
					};
				};
			};
			buildConfigurationList = F2D1B3EA23EBF5EC00BC0FE4 /* Build configuration list for PBXProject "XcodeGenWithPods" */;
			compatibilityVersion = "Xcode 9.3";
			developmentRegion = en;
			hasScannedForEncodings = 0;
			knownRegions = (
				en,
				Base,
			);
			mainGroup = F2D1B3E623EBF5EC00BC0FE4;
			productRefGroup = F2D1B3F023EBF5EC00BC0FE4 /* Products */;
			projectDirPath = "";
			projectRoot = "";
			targets = (
				F2D1B3EE23EBF5EC00BC0FE4 /* XcodeGenWithPods */,
			);
		};
/* End PBXProject section */

/* Begin PBXResourcesBuildPhase section */
		F2D1B3ED23EBF5EC00BC0FE4 /* Resources */ = {
			isa = PBXResourcesBuildPhase;
			buildActionMask = 2147483647;
			files = (
				F2D1B3FF23EBF5EE00BC0FE4 /* LaunchScreen.storyboard in Resources */,
				F2D1B3FC23EBF5EE00BC0FE4 /* Preview Assets.xcassets in Resources */,
				F2D1B3F923EBF5EE00BC0FE4 /* Assets.xcassets in Resources */,
			);
			runOnlyForDeploymentPostprocessing = 0;
		};
/* End PBXResourcesBuildPhase section */

/* Begin PBXShellScriptBuildPhase section */
		A499E17D02248D6DB5354980 /* [CP] Check Pods Manifest.lock */ = {
			isa = PBXShellScriptBuildPhase;
			buildActionMask = 2147483647;
			files = (
			);
			inputFileListPaths = (
			);
			inputPaths = (
				"${PODS_PODFILE_DIR_PATH}/Podfile.lock",
				"${PODS_ROOT}/Manifest.lock",
			);
			name = "[CP] Check Pods Manifest.lock";
			outputFileListPaths = (
			);
			outputPaths = (
				"$(DERIVED_FILE_DIR)/Pods-XcodeGenWithPods-checkManifestLockResult.txt",
			);
			runOnlyForDeploymentPostprocessing = 0;
			shellPath = /bin/sh;
			shellScript = "diff \"${PODS_PODFILE_DIR_PATH}/Podfile.lock\" \"${PODS_ROOT}/Manifest.lock\" > /dev/null\nif [ $? != 0 ] ; then\n    # print error to STDERR\n    echo \"error: The sandbox is not in sync with the Podfile.lock. Run 'pod install' or update your CocoaPods installation.\" >&2\n    exit 1\nfi\n# This output is used by Xcode 'outputs' to avoid re-running this script phase.\necho \"SUCCESS\" > \"${SCRIPT_OUTPUT_FILE_0}\"\n";
			showEnvVarsInLog = 0;
		};
/* End PBXShellScriptBuildPhase section */

/* Begin PBXSourcesBuildPhase section */
		F2D1B3EB23EBF5EC00BC0FE4 /* Sources */ = {
			isa = PBXSourcesBuildPhase;
			buildActionMask = 2147483647;
			files = (
				F2D1B3F323EBF5EC00BC0FE4 /* AppDelegate.swift in Sources */,
				F2D1B3F523EBF5EC00BC0FE4 /* SceneDelegate.swift in Sources */,
				F2D1B3F723EBF5EC00BC0FE4 /* ContentView.swift in Sources */,
			);
			runOnlyForDeploymentPostprocessing = 0;
		};
/* End PBXSourcesBuildPhase section */

/* Begin PBXVariantGroup section */
		F2D1B3FD23EBF5EE00BC0FE4 /* LaunchScreen.storyboard */ = {
			isa = PBXVariantGroup;
			children = (
				F2D1B3FE23EBF5EE00BC0FE4 /* Base */,
			);
			name = LaunchScreen.storyboard;
			sourceTree = "<group>";
		};
/* End PBXVariantGroup section */

/* Begin XCBuildConfiguration section */
		F2D1B40123EBF5EE00BC0FE4 /* Debug */ = {
			isa = XCBuildConfiguration;
			buildSettings = {
				ALWAYS_SEARCH_USER_PATHS = NO;
				CLANG_ANALYZER_NONNULL = YES;
				CLANG_ANALYZER_NUMBER_OBJECT_CONVERSION = YES_AGGRESSIVE;
				CLANG_CXX_LANGUAGE_STANDARD = "gnu++14";
				CLANG_CXX_LIBRARY = "libc++";
				CLANG_ENABLE_MODULES = YES;
				CLANG_ENABLE_OBJC_ARC = YES;
				CLANG_ENABLE_OBJC_WEAK = YES;
				CLANG_WARN_BLOCK_CAPTURE_AUTORELEASING = YES;
				CLANG_WARN_BOOL_CONVERSION = YES;
				CLANG_WARN_COMMA = YES;
				CLANG_WARN_CONSTANT_CONVERSION = YES;
				CLANG_WARN_DEPRECATED_OBJC_IMPLEMENTATIONS = YES;
				CLANG_WARN_DIRECT_OBJC_ISA_USAGE = YES_ERROR;
				CLANG_WARN_DOCUMENTATION_COMMENTS = YES;
				CLANG_WARN_EMPTY_BODY = YES;
				CLANG_WARN_ENUM_CONVERSION = YES;
				CLANG_WARN_INFINITE_RECURSION = YES;
				CLANG_WARN_INT_CONVERSION = YES;
				CLANG_WARN_NON_LITERAL_NULL_CONVERSION = YES;
				CLANG_WARN_OBJC_IMPLICIT_RETAIN_SELF = YES;
				CLANG_WARN_OBJC_LITERAL_CONVERSION = YES;
				CLANG_WARN_OBJC_ROOT_CLASS = YES_ERROR;
				CLANG_WARN_RANGE_LOOP_ANALYSIS = YES;
				CLANG_WARN_STRICT_PROTOTYPES = YES;
				CLANG_WARN_SUSPICIOUS_MOVE = YES;
				CLANG_WARN_UNGUARDED_AVAILABILITY = YES_AGGRESSIVE;
				CLANG_WARN_UNREACHABLE_CODE = YES;
				CLANG_WARN__DUPLICATE_METHOD_MATCH = YES;
				COPY_PHASE_STRIP = NO;
				DEBUG_INFORMATION_FORMAT = dwarf;
				ENABLE_STRICT_OBJC_MSGSEND = YES;
				ENABLE_TESTABILITY = YES;
				GCC_C_LANGUAGE_STANDARD = gnu11;
				GCC_DYNAMIC_NO_PIC = NO;
				GCC_NO_COMMON_BLOCKS = YES;
				GCC_OPTIMIZATION_LEVEL = 0;
				GCC_PREPROCESSOR_DEFINITIONS = (
					"DEBUG=1",
					"$(inherited)",
				);
				GCC_WARN_64_TO_32_BIT_CONVERSION = YES;
				GCC_WARN_ABOUT_RETURN_TYPE = YES_ERROR;
				GCC_WARN_UNDECLARED_SELECTOR = YES;
				GCC_WARN_UNINITIALIZED_AUTOS = YES_AGGRESSIVE;
				GCC_WARN_UNUSED_FUNCTION = YES;
				GCC_WARN_UNUSED_VARIABLE = YES;
				IPHONEOS_DEPLOYMENT_TARGET = 13.2;
				MTL_ENABLE_DEBUG_INFO = INCLUDE_SOURCE;
				MTL_FAST_MATH = YES;
				ONLY_ACTIVE_ARCH = YES;
				SDKROOT = iphoneos;
				SWIFT_ACTIVE_COMPILATION_CONDITIONS = DEBUG;
				SWIFT_OPTIMIZATION_LEVEL = "-Onone";
			};
			name = Debug;
		};
		F2D1B40223EBF5EE00BC0FE4 /* Release */ = {
			isa = XCBuildConfiguration;
			buildSettings = {
				ALWAYS_SEARCH_USER_PATHS = NO;
				CLANG_ANALYZER_NONNULL = YES;
				CLANG_ANALYZER_NUMBER_OBJECT_CONVERSION = YES_AGGRESSIVE;
				CLANG_CXX_LANGUAGE_STANDARD = "gnu++14";
				CLANG_CXX_LIBRARY = "libc++";
				CLANG_ENABLE_MODULES = YES;
				CLANG_ENABLE_OBJC_ARC = YES;
				CLANG_ENABLE_OBJC_WEAK = YES;
				CLANG_WARN_BLOCK_CAPTURE_AUTORELEASING = YES;
				CLANG_WARN_BOOL_CONVERSION = YES;
				CLANG_WARN_COMMA = YES;
				CLANG_WARN_CONSTANT_CONVERSION = YES;
				CLANG_WARN_DEPRECATED_OBJC_IMPLEMENTATIONS = YES;
				CLANG_WARN_DIRECT_OBJC_ISA_USAGE = YES_ERROR;
				CLANG_WARN_DOCUMENTATION_COMMENTS = YES;
				CLANG_WARN_EMPTY_BODY = YES;
				CLANG_WARN_ENUM_CONVERSION = YES;
				CLANG_WARN_INFINITE_RECURSION = YES;
				CLANG_WARN_INT_CONVERSION = YES;
				CLANG_WARN_NON_LITERAL_NULL_CONVERSION = YES;
				CLANG_WARN_OBJC_IMPLICIT_RETAIN_SELF = YES;
				CLANG_WARN_OBJC_LITERAL_CONVERSION = YES;
				CLANG_WARN_OBJC_ROOT_CLASS = YES_ERROR;
				CLANG_WARN_RANGE_LOOP_ANALYSIS = YES;
				CLANG_WARN_STRICT_PROTOTYPES = YES;
				CLANG_WARN_SUSPICIOUS_MOVE = YES;
				CLANG_WARN_UNGUARDED_AVAILABILITY = YES_AGGRESSIVE;
				CLANG_WARN_UNREACHABLE_CODE = YES;
				CLANG_WARN__DUPLICATE_METHOD_MATCH = YES;
				COPY_PHASE_STRIP = NO;
				DEBUG_INFORMATION_FORMAT = "dwarf-with-dsym";
				ENABLE_NS_ASSERTIONS = NO;
				ENABLE_STRICT_OBJC_MSGSEND = YES;
				GCC_C_LANGUAGE_STANDARD = gnu11;
				GCC_NO_COMMON_BLOCKS = YES;
				GCC_WARN_64_TO_32_BIT_CONVERSION = YES;
				GCC_WARN_ABOUT_RETURN_TYPE = YES_ERROR;
				GCC_WARN_UNDECLARED_SELECTOR = YES;
				GCC_WARN_UNINITIALIZED_AUTOS = YES_AGGRESSIVE;
				GCC_WARN_UNUSED_FUNCTION = YES;
				GCC_WARN_UNUSED_VARIABLE = YES;
				IPHONEOS_DEPLOYMENT_TARGET = 13.2;
				MTL_ENABLE_DEBUG_INFO = NO;
				MTL_FAST_MATH = YES;
				SDKROOT = iphoneos;
				SWIFT_COMPILATION_MODE = wholemodule;
				SWIFT_OPTIMIZATION_LEVEL = "-O";
				VALIDATE_PRODUCT = YES;
			};
			name = Release;
		};
		F2D1B40423EBF5EE00BC0FE4 /* Debug */ = {
			isa = XCBuildConfiguration;
			baseConfigurationReference = 7215FEC3837079C8A323F2CC /* Pods-XcodeGenWithPods.debug.xcconfig */;
			buildSettings = {
				ASSETCATALOG_COMPILER_APPICON_NAME = AppIcon;
				CODE_SIGN_STYLE = Automatic;
				DEVELOPMENT_ASSET_PATHS = "\"XcodeGenWithPods/Preview Content\"";
				DEVELOPMENT_TEAM = J692XU85UR;
				ENABLE_PREVIEWS = YES;
				INFOPLIST_FILE = XcodeGenWithPods/Info.plist;
				LD_RUNPATH_SEARCH_PATHS = (
					"$(inherited)",
					"@executable_path/Frameworks",
				);
				PRODUCT_BUNDLE_IDENTIFIER = dev.katei.XcodeGenWithPods;
				PRODUCT_NAME = "$(TARGET_NAME)";
				SWIFT_VERSION = 5.0;
				TARGETED_DEVICE_FAMILY = "1,2";
			};
			name = Debug;
		};
		F2D1B40523EBF5EE00BC0FE4 /* Release */ = {
			isa = XCBuildConfiguration;
			baseConfigurationReference = EFB4389F95CA6BA751284F37 /* Pods-XcodeGenWithPods.release.xcconfig */;
			buildSettings = {
				ASSETCATALOG_COMPILER_APPICON_NAME = AppIcon;
				CODE_SIGN_STYLE = Automatic;
				DEVELOPMENT_ASSET_PATHS = "\"XcodeGenWithPods/Preview Content\"";
				DEVELOPMENT_TEAM = J692XU85UR;
				ENABLE_PREVIEWS = YES;
				INFOPLIST_FILE = XcodeGenWithPods/Info.plist;
				LD_RUNPATH_SEARCH_PATHS = (
					"$(inherited)",
					"@executable_path/Frameworks",
				);
				PRODUCT_BUNDLE_IDENTIFIER = dev.katei.XcodeGenWithPods;
				PRODUCT_NAME = "$(TARGET_NAME)";
				SWIFT_VERSION = 5.0;
				TARGETED_DEVICE_FAMILY = "1,2";
			};
			name = Release;
		};
/* End XCBuildConfiguration section */

/* Begin XCConfigurationList section */
		F2D1B3EA23EBF5EC00BC0FE4 /* Build configuration list for PBXProject "XcodeGenWithPods" */ = {
			isa = XCConfigurationList;
			buildConfigurations = (
				F2D1B40123EBF5EE00BC0FE4 /* Debug */,
				F2D1B40223EBF5EE00BC0FE4 /* Release */,
			);
			defaultConfigurationIsVisible = 0;
			defaultConfigurationName = Release;
		};
		F2D1B40323EBF5EE00BC0FE4 /* Build configuration list for PBXNativeTarget "XcodeGenWithPods" */ = {
			isa = XCConfigurationList;
			buildConfigurations = (
				F2D1B40423EBF5EE00BC0FE4 /* Debug */,
				F2D1B40523EBF5EE00BC0FE4 /* Release */,
			);
			defaultConfigurationIsVisible = 0;
			defaultConfigurationName = Release;
		};
/* End XCConfigurationList section */
	};
	rootObject = F2D1B3E723EBF5EC00BC0FE4 /* Project object */;
}
