// !$*UTF8*$!
{
	archiveVersion = 1;
	classes = {
	};
	objectVersion = 51;
	objects = {

/* Begin PBXBuildFile section */
		1F7B7CA48272B4632AD4A64DEC1E5675 /* LaunchScreen.storyboard in Resources */ = {isa = PBXBuildFile; fileRef = 8E587C90AA3BF5852F7C44A25B19FE90 /* LaunchScreen.storyboard */; };
		576F29D6059C436AE8DD55BF8E5F7EEC /* SceneDelegate.swift in Sources */ = {isa = PBXBuildFile; fileRef = 7A1D8D568A08B30FF9B70CA88E204005 /* SceneDelegate.swift */; };
		6FA319A44BAFA57C51BD21ED29B23132 /* Preview Assets.xcassets in Resources */ = {isa = PBXBuildFile; fileRef = 9131C5E461A1D1EDD877003BF3C9DB2F /* Preview Assets.xcassets */; };
		9D01760F158AAD50884D22B5E7EF5078 /* Assets.xcassets in Resources */ = {isa = PBXBuildFile; fileRef = 8BC215ACBD1C4E9ACEBEAAC76CA43E21 /* Assets.xcassets */; };
		B513864410FE6FC1688139D8E3441DF4 /* AppDelegate.swift in Sources */ = {isa = PBXBuildFile; fileRef = 45351FD09298A72BE7686EA84BA44A25 /* AppDelegate.swift */; };
		F33EDD9FDBAC34A7484D1D721AC692E4 /* Pods_XcodeGenWithPods.framework in Frameworks */ = {isa = PBXBuildFile; fileRef = 219B4F5C86530838F6398FCF46F60706 /* Pods_XcodeGenWithPods.framework */; };
		F4BA5B8F029C7DC7EDDEBC49E5808E52 /* ContentView.swift in Sources */ = {isa = PBXBuildFile; fileRef = 5FB352FBEE693DCA8F7F743BB699EC9A /* ContentView.swift */; };
/* End PBXBuildFile section */

/* Begin PBXFileReference section */
		219B4F5C86530838F6398FCF46F60706 /* Pods_XcodeGenWithPods.framework */ = {isa = PBXFileReference; lastKnownFileType = wrapper.framework; path = Pods_XcodeGenWithPods.framework; sourceTree = BUILT_PRODUCTS_DIR; };
		2E547E99897CAE1871DBD4D1CA4BB7D4 /* XcodeGenWithPods.app */ = {isa = PBXFileReference; includeInIndex = 0; lastKnownFileType = wrapper.application; path = XcodeGenWithPods.app; sourceTree = BUILT_PRODUCTS_DIR; };
		45351FD09298A72BE7686EA84BA44A25 /* AppDelegate.swift */ = {isa = PBXFileReference; lastKnownFileType = sourcecode.swift; path = AppDelegate.swift; sourceTree = "<group>"; };
		54E17AFCEC292A49902A66C19AB3F7D6 /* Base */ = {isa = PBXFileReference; lastKnownFileType = file.storyboard; name = Base; path = Base.lproj/LaunchScreen.storyboard; sourceTree = "<group>"; };
		5FB352FBEE693DCA8F7F743BB699EC9A /* ContentView.swift */ = {isa = PBXFileReference; lastKnownFileType = sourcecode.swift; path = ContentView.swift; sourceTree = "<group>"; };
		653432322805283CF0E385739F8FABE2 /* Pods-XcodeGenWithPods.debug.xcconfig */ = {isa = PBXFileReference; lastKnownFileType = text.xcconfig; path = "Pods-XcodeGenWithPods.debug.xcconfig"; sourceTree = "<group>"; };
		7A1D8D568A08B30FF9B70CA88E204005 /* SceneDelegate.swift */ = {isa = PBXFileReference; lastKnownFileType = sourcecode.swift; path = SceneDelegate.swift; sourceTree = "<group>"; };
		7AD2258FBF47827B6D8D061F2E9E704E /* Pods-XcodeGenWithPods.release.xcconfig */ = {isa = PBXFileReference; lastKnownFileType = text.xcconfig; path = "Pods-XcodeGenWithPods.release.xcconfig"; sourceTree = "<group>"; };
		8BC215ACBD1C4E9ACEBEAAC76CA43E21 /* Assets.xcassets */ = {isa = PBXFileReference; lastKnownFileType = folder.assetcatalog; path = Assets.xcassets; sourceTree = "<group>"; };
		9131C5E461A1D1EDD877003BF3C9DB2F /* Preview Assets.xcassets */ = {isa = PBXFileReference; lastKnownFileType = folder.assetcatalog; path = "Preview Assets.xcassets"; sourceTree = "<group>"; };
		F971EBB2F70674555FBE9CA46A909A13 /* Info.plist */ = {isa = PBXFileReference; lastKnownFileType = text.plist.xml; path = Info.plist; sourceTree = "<group>"; };
/* End PBXFileReference section */

/* Begin PBXFrameworksBuildPhase section */
		3053A876EF3491AC8D1923EE108975CB /* Frameworks */ = {
			isa = PBXFrameworksBuildPhase;
			buildActionMask = 2147483647;
			files = (
				F33EDD9FDBAC34A7484D1D721AC692E4 /* Pods_XcodeGenWithPods.framework in Frameworks */,
			);
			runOnlyForDeploymentPostprocessing = 0;
		};
/* End PBXFrameworksBuildPhase section */

/* Begin PBXGroup section */
		002FDE5259CB850CB3A4324B48F483E0 /* Pods-XcodeGenWithPods */ = {
			isa = PBXGroup;
			children = (
				653432322805283CF0E385739F8FABE2 /* Pods-XcodeGenWithPods.debug.xcconfig */,
				7AD2258FBF47827B6D8D061F2E9E704E /* Pods-XcodeGenWithPods.release.xcconfig */,
			);
			name = "Pods-XcodeGenWithPods";
			path = "Pods/Target Support Files/Pods-XcodeGenWithPods";
			sourceTree = "<group>";
		};
		0083DCE358EFB1FC234E89FD6553F468 /* Products */ = {
			isa = PBXGroup;
			children = (
				2E547E99897CAE1871DBD4D1CA4BB7D4 /* XcodeGenWithPods.app */,
			);
			name = Products;
			sourceTree = "<group>";
		};
		450108D7336C29F26456C8926AD872C3 /* XcodeGenWithPods */ = {
			isa = PBXGroup;
			children = (
				45351FD09298A72BE7686EA84BA44A25 /* AppDelegate.swift */,
				8BC215ACBD1C4E9ACEBEAAC76CA43E21 /* Assets.xcassets */,
				5FB352FBEE693DCA8F7F743BB699EC9A /* ContentView.swift */,
				F971EBB2F70674555FBE9CA46A909A13 /* Info.plist */,
				8E587C90AA3BF5852F7C44A25B19FE90 /* LaunchScreen.storyboard */,
				7A1D8D568A08B30FF9B70CA88E204005 /* SceneDelegate.swift */,
				8495EB10DFF67734E6FB0AD615B2DEB4 /* Preview Content */,
			);
			path = XcodeGenWithPods;
			sourceTree = "<group>";
		};
		5270854326A6E3D7B9B7FCA9DAD720BB /* Frameworks */ = {
			isa = PBXGroup;
			children = (
				219B4F5C86530838F6398FCF46F60706 /* Pods_XcodeGenWithPods.framework */,
			);
			name = Frameworks;
			sourceTree = "<group>";
		};
		73FD6E28BCE39386D51F4F8321F438A8 = {
			isa = PBXGroup;
			children = (
				002FDE5259CB850CB3A4324B48F483E0 /* Pods-XcodeGenWithPods */,
				450108D7336C29F26456C8926AD872C3 /* XcodeGenWithPods */,
				5270854326A6E3D7B9B7FCA9DAD720BB /* Frameworks */,
				0083DCE358EFB1FC234E89FD6553F468 /* Products */,
			);
			sourceTree = "<group>";
		};
		8495EB10DFF67734E6FB0AD615B2DEB4 /* Preview Content */ = {
			isa = PBXGroup;
			children = (
				9131C5E461A1D1EDD877003BF3C9DB2F /* Preview Assets.xcassets */,
			);
			path = "Preview Content";
			sourceTree = "<group>";
		};
/* End PBXGroup section */

/* Begin PBXNativeTarget section */
		D25727AF9FE6BB9F2EA1667673720D3A /* XcodeGenWithPods */ = {
			isa = PBXNativeTarget;
			buildConfigurationList = 29DE75AC0FFC8E1D4752D3B87704D525 /* Build configuration list for PBXNativeTarget "XcodeGenWithPods" */;
			buildPhases = (
				E473E3042C3ADA0FE8F7840BE3B254B4 /* [CP] Check Pods Manifest.lock */,
				C66F0CCE1D532A8A84AA815E1A52A3D0 /* Sources */,
				85BB9403411F7AD17D6E368C19D47042 /* [CP] Embed Pods Frameworks */,
				42A2583BEDB3A94856A047A21A283BC7 /* [CP] Copy Pods Resources */,
				28D97FD852BB182389A74851629803BB /* Resources */,
				3053A876EF3491AC8D1923EE108975CB /* Frameworks */,
			);
			buildRules = (
			);
			dependencies = (
			);
			name = XcodeGenWithPods;
			productName = XcodeGenWithPods;
			productReference = 2E547E99897CAE1871DBD4D1CA4BB7D4 /* XcodeGenWithPods.app */;
			productType = "com.apple.product-type.application";
		};
/* End PBXNativeTarget section */

/* Begin PBXProject section */
		CC917C2983B3781C1376E56D1E0C7057 /* Project object */ = {
			isa = PBXProject;
			attributes = {
				LastUpgradeCheck = 1020;
			};
			buildConfigurationList = 2195908CA40F05DB29CD5ED3CF763DEA /* Build configuration list for PBXProject "XcodeGenWithPods" */;
			compatibilityVersion = "Xcode 9.3";
			developmentRegion = en;
			hasScannedForEncodings = 0;
			knownRegions = (
				Base,
			);
			mainGroup = 73FD6E28BCE39386D51F4F8321F438A8;
			projectDirPath = "";
			projectRoot = "";
			targets = (
				D25727AF9FE6BB9F2EA1667673720D3A /* XcodeGenWithPods */,
			);
		};
/* End PBXProject section */

/* Begin PBXResourcesBuildPhase section */
		28D97FD852BB182389A74851629803BB /* Resources */ = {
			isa = PBXResourcesBuildPhase;
			buildActionMask = 2147483647;
			files = (
				9D01760F158AAD50884D22B5E7EF5078 /* Assets.xcassets in Resources */,
				1F7B7CA48272B4632AD4A64DEC1E5675 /* LaunchScreen.storyboard in Resources */,
				6FA319A44BAFA57C51BD21ED29B23132 /* Preview Assets.xcassets in Resources */,
			);
			runOnlyForDeploymentPostprocessing = 0;
		};
/* End PBXResourcesBuildPhase section */

/* Begin PBXShellScriptBuildPhase section */
		42A2583BEDB3A94856A047A21A283BC7 /* [CP] Copy Pods Resources */ = {
			isa = PBXShellScriptBuildPhase;
			buildActionMask = 2147483647;
			files = (
			);
			inputFileListPaths = (
			);
			inputPaths = (
			);
			name = "[CP] Copy Pods Resources";
			outputFileListPaths = (
			);
			outputPaths = (
			);
			runOnlyForDeploymentPostprocessing = 0;
			shellPath = /bin/sh;
			shellScript = "SCRIPT=\"${PODS_ROOT}/Target Support Files/Pods-XcodeGenWithPods/Pods-XcodeGenWithPods-resources.sh\"\nif [ -e $SCRIPT ]; then\n  $SCRIPT\nfi\n";
		};
		85BB9403411F7AD17D6E368C19D47042 /* [CP] Embed Pods Frameworks */ = {
			isa = PBXShellScriptBuildPhase;
			buildActionMask = 2147483647;
			files = (
			);
			inputFileListPaths = (
			);
			inputPaths = (
			);
			name = "[CP] Embed Pods Frameworks";
			outputFileListPaths = (
			);
			outputPaths = (
			);
			runOnlyForDeploymentPostprocessing = 0;
			shellPath = /bin/sh;
			shellScript = "SCRIPT=\"${PODS_ROOT}/Target Support Files/Pods-XcodeGenWithPods/Pods-XcodeGenWithPods-frameworks.sh\"\nif [ -e $SCRIPT ]; then\n  $SCRIPT\nfi\n";
		};
		E473E3042C3ADA0FE8F7840BE3B254B4 /* [CP] Check Pods Manifest.lock */ = {
			isa = PBXShellScriptBuildPhase;
			buildActionMask = 2147483647;
			files = (
			);
			inputFileListPaths = (
			);
			inputPaths = (
				"${PODS_PODFILE_DIR_PATH}/Podfile.lock",
				"${PODS_ROOT}/Manifest.lock",
			);
			name = "[CP] Check Pods Manifest.lock";
			outputFileListPaths = (
			);
			outputPaths = (
				"$(DERIVED_FILE_DIR)/Pods-XcodeGenWithPods-checkManifestLockResult.txt",
			);
			runOnlyForDeploymentPostprocessing = 0;
			shellPath = /bin/sh;
			shellScript = "diff \"${PODS_PODFILE_DIR_PATH}/Podfile.lock\" \"${PODS_ROOT}/Manifest.lock\" > /dev/null\nif [ $? != 0 ] ; then\n    # print error to STDERR\n    echo \"error: The sandbox is not in sync with the Podfile.lock. Run 'pod install' or update your CocoaPods installation.\" >&2\n    exit 1\nfi\n# This output is used by Xcode 'outputs' to avoid re-running this script phase.\necho \"SUCCESS\" > \"${SCRIPT_OUTPUT_FILE_0}\"\n";
		};
/* End PBXShellScriptBuildPhase section */

/* Begin PBXSourcesBuildPhase section */
		C66F0CCE1D532A8A84AA815E1A52A3D0 /* Sources */ = {
			isa = PBXSourcesBuildPhase;
			buildActionMask = 2147483647;
			files = (
				B513864410FE6FC1688139D8E3441DF4 /* AppDelegate.swift in Sources */,
				F4BA5B8F029C7DC7EDDEBC49E5808E52 /* ContentView.swift in Sources */,
				576F29D6059C436AE8DD55BF8E5F7EEC /* SceneDelegate.swift in Sources */,
			);
			runOnlyForDeploymentPostprocessing = 0;
		};
/* End PBXSourcesBuildPhase section */

/* Begin PBXVariantGroup section */
		8E587C90AA3BF5852F7C44A25B19FE90 /* LaunchScreen.storyboard */ = {
			isa = PBXVariantGroup;
			children = (
				54E17AFCEC292A49902A66C19AB3F7D6 /* Base */,
			);
			name = LaunchScreen.storyboard;
			sourceTree = "<group>";
		};
/* End PBXVariantGroup section */

/* Begin XCBuildConfiguration section */
		23DF477307AD60CDE2F01FE47FAE5853 /* Debug */ = {
			isa = XCBuildConfiguration;
			baseConfigurationReference = 653432322805283CF0E385739F8FABE2 /* Pods-XcodeGenWithPods.debug.xcconfig */;
			buildSettings = {
				ASSETCATALOG_COMPILER_APPICON_NAME = AppIcon;
				CODE_SIGN_IDENTITY = "iPhone Developer";
				FRAMEWORK_SEARCH_PATHS = (
					"$(inherited)",
					"\".\"",
				);
				INFOPLIST_FILE = XcodeGenWithPods/Info.plist;
				SDKROOT = iphoneos;
				TARGETED_DEVICE_FAMILY = "1,2";
			};
			name = Debug;
		};
		3856D46AFAAC770B8270AB85BEDDB424 /* Release */ = {
			isa = XCBuildConfiguration;
			buildSettings = {
				ALWAYS_SEARCH_USER_PATHS = NO;
				CLANG_ANALYZER_NONNULL = YES;
				CLANG_ANALYZER_NUMBER_OBJECT_CONVERSION = YES_AGGRESSIVE;
				CLANG_CXX_LANGUAGE_STANDARD = "gnu++14";
				CLANG_CXX_LIBRARY = "libc++";
				CLANG_ENABLE_MODULES = YES;
				CLANG_ENABLE_OBJC_ARC = YES;
				CLANG_WARN_BLOCK_CAPTURE_AUTORELEASING = YES;
				CLANG_WARN_BOOL_CONVERSION = YES;
				CLANG_WARN_COMMA = YES;
				CLANG_WARN_CONSTANT_CONVERSION = YES;
				CLANG_WARN_DEPRECATED_OBJC_IMPLEMENTATIONS = YES;
				CLANG_WARN_DIRECT_OBJC_ISA_USAGE = YES_ERROR;
				CLANG_WARN_DOCUMENTATION_COMMENTS = YES;
				CLANG_WARN_EMPTY_BODY = YES;
				CLANG_WARN_ENUM_CONVERSION = YES;
				CLANG_WARN_INFINITE_RECURSION = YES;
				CLANG_WARN_INT_CONVERSION = YES;
				CLANG_WARN_NON_LITERAL_NULL_CONVERSION = YES;
				CLANG_WARN_OBJC_IMPLICIT_RETAIN_SELF = YES;
				CLANG_WARN_OBJC_LITERAL_CONVERSION = YES;
				CLANG_WARN_OBJC_ROOT_CLASS = YES_ERROR;
				CLANG_WARN_RANGE_LOOP_ANALYSIS = YES;
				CLANG_WARN_STRICT_PROTOTYPES = YES;
				CLANG_WARN_SUSPICIOUS_MOVE = YES;
				CLANG_WARN_UNGUARDED_AVAILABILITY = YES_AGGRESSIVE;
				CLANG_WARN_UNREACHABLE_CODE = YES;
				CLANG_WARN__DUPLICATE_METHOD_MATCH = YES;
				COPY_PHASE_STRIP = NO;
				DEBUG_INFORMATION_FORMAT = "dwarf-with-dsym";
				ENABLE_NS_ASSERTIONS = NO;
				ENABLE_STRICT_OBJC_MSGSEND = YES;
				GCC_C_LANGUAGE_STANDARD = gnu11;
				GCC_NO_COMMON_BLOCKS = YES;
				GCC_WARN_64_TO_32_BIT_CONVERSION = YES;
				GCC_WARN_ABOUT_RETURN_TYPE = YES_ERROR;
				GCC_WARN_UNDECLARED_SELECTOR = YES;
				GCC_WARN_UNINITIALIZED_AUTOS = YES_AGGRESSIVE;
				GCC_WARN_UNUSED_FUNCTION = YES;
				GCC_WARN_UNUSED_VARIABLE = YES;
				PRODUCT_NAME = "$(TARGET_NAME)";
				SDKROOT = iphoneos;
				SWIFT_COMPILATION_MODE = wholemodule;
				SWIFT_VERSION = 5.0;
				VALIDATE_PRODUCT = YES;
			};
			name = Release;
		};
		3A6F1CF4B7C1CBB5C8E75271A2A245DB /* Debug */ = {
			isa = XCBuildConfiguration;
			buildSettings = {
				ALWAYS_SEARCH_USER_PATHS = NO;
				CLANG_ANALYZER_NONNULL = YES;
				CLANG_ANALYZER_NUMBER_OBJECT_CONVERSION = YES_AGGRESSIVE;
				CLANG_CXX_LANGUAGE_STANDARD = "gnu++14";
				CLANG_CXX_LIBRARY = "libc++";
				CLANG_ENABLE_MODULES = YES;
				CLANG_ENABLE_OBJC_ARC = YES;
				CLANG_WARN_BLOCK_CAPTURE_AUTORELEASING = YES;
				CLANG_WARN_BOOL_CONVERSION = YES;
				CLANG_WARN_COMMA = YES;
				CLANG_WARN_CONSTANT_CONVERSION = YES;
				CLANG_WARN_DEPRECATED_OBJC_IMPLEMENTATIONS = YES;
				CLANG_WARN_DIRECT_OBJC_ISA_USAGE = YES_ERROR;
				CLANG_WARN_DOCUMENTATION_COMMENTS = YES;
				CLANG_WARN_EMPTY_BODY = YES;
				CLANG_WARN_ENUM_CONVERSION = YES;
				CLANG_WARN_INFINITE_RECURSION = YES;
				CLANG_WARN_INT_CONVERSION = YES;
				CLANG_WARN_NON_LITERAL_NULL_CONVERSION = YES;
				CLANG_WARN_OBJC_IMPLICIT_RETAIN_SELF = YES;
				CLANG_WARN_OBJC_LITERAL_CONVERSION = YES;
				CLANG_WARN_OBJC_ROOT_CLASS = YES_ERROR;
				CLANG_WARN_RANGE_LOOP_ANALYSIS = YES;
				CLANG_WARN_STRICT_PROTOTYPES = YES;
				CLANG_WARN_SUSPICIOUS_MOVE = YES;
				CLANG_WARN_UNGUARDED_AVAILABILITY = YES_AGGRESSIVE;
				CLANG_WARN_UNREACHABLE_CODE = YES;
				CLANG_WARN__DUPLICATE_METHOD_MATCH = YES;
				COPY_PHASE_STRIP = NO;
				DEBUG_INFORMATION_FORMAT = dwarf;
				ENABLE_STRICT_OBJC_MSGSEND = YES;
				ENABLE_TESTABILITY = YES;
				GCC_C_LANGUAGE_STANDARD = gnu11;
				GCC_DYNAMIC_NO_PIC = NO;
				GCC_NO_COMMON_BLOCKS = YES;
				GCC_OPTIMIZATION_LEVEL = 0;
				GCC_PREPROCESSOR_DEFINITIONS = (
					"$(inherited)",
					"DEBUG=1",
				);
				GCC_WARN_64_TO_32_BIT_CONVERSION = YES;
				GCC_WARN_ABOUT_RETURN_TYPE = YES_ERROR;
				GCC_WARN_UNDECLARED_SELECTOR = YES;
				GCC_WARN_UNINITIALIZED_AUTOS = YES_AGGRESSIVE;
				GCC_WARN_UNUSED_FUNCTION = YES;
				GCC_WARN_UNUSED_VARIABLE = YES;
				MTL_ENABLE_DEBUG_INFO = YES;
				ONLY_ACTIVE_ARCH = YES;
				PRODUCT_NAME = "$(TARGET_NAME)";
				SDKROOT = iphoneos;
				SWIFT_ACTIVE_COMPILATION_CONDITIONS = DEBUG;
				SWIFT_OPTIMIZATION_LEVEL = "-Onone";
				SWIFT_VERSION = 5.0;
			};
			name = Debug;
		};
		3FAAC97E208EE67AD551DF467379D371 /* Release */ = {
			isa = XCBuildConfiguration;
			baseConfigurationReference = 7AD2258FBF47827B6D8D061F2E9E704E /* Pods-XcodeGenWithPods.release.xcconfig */;
			buildSettings = {
				ASSETCATALOG_COMPILER_APPICON_NAME = AppIcon;
				CODE_SIGN_IDENTITY = "iPhone Developer";
				FRAMEWORK_SEARCH_PATHS = (
					"$(inherited)",
					"\".\"",
				);
				INFOPLIST_FILE = XcodeGenWithPods/Info.plist;
				SDKROOT = iphoneos;
				TARGETED_DEVICE_FAMILY = "1,2";
			};
			name = Release;
		};
/* End XCBuildConfiguration section */

/* Begin XCConfigurationList section */
		2195908CA40F05DB29CD5ED3CF763DEA /* Build configuration list for PBXProject "XcodeGenWithPods" */ = {
			isa = XCConfigurationList;
			buildConfigurations = (
				3A6F1CF4B7C1CBB5C8E75271A2A245DB /* Debug */,
				3856D46AFAAC770B8270AB85BEDDB424 /* Release */,
			);
			defaultConfigurationIsVisible = 0;
			defaultConfigurationName = Debug;
		};
		29DE75AC0FFC8E1D4752D3B87704D525 /* Build configuration list for PBXNativeTarget "XcodeGenWithPods" */ = {
			isa = XCConfigurationList;
			buildConfigurations = (
				23DF477307AD60CDE2F01FE47FAE5853 /* Debug */,
				3FAAC97E208EE67AD551DF467379D371 /* Release */,
			);
			defaultConfigurationIsVisible = 0;
			defaultConfigurationName = "";
		};
/* End XCConfigurationList section */
	};
	rootObject = CC917C2983B3781C1376E56D1E0C7057 /* Project object */;
}
